// !$*UTF8*$!
{
	archiveVersion = 1;
	classes = {
	};
	objectVersion = 51;
	objects = {

/* Begin PBXBuildFile section */
		1EC20ACF214E70F0000BB2F8 /* AppDelegate.swift in Sources */ = {isa = PBXBuildFile; fileRef = 1EC20ACE214E70F0000BB2F8 /* AppDelegate.swift */; };
		1EC20AD1214E70F0000BB2F8 /* ViewController.swift in Sources */ = {isa = PBXBuildFile; fileRef = 1EC20AD0214E70F0000BB2F8 /* ViewController.swift */; };
		1EC20AD4214E70F0000BB2F8 /* Main.storyboard in Resources */ = {isa = PBXBuildFile; fileRef = 1EC20AD2214E70F0000BB2F8 /* Main.storyboard */; };
		1EC20AD6214E70F1000BB2F8 /* Assets.xcassets in Resources */ = {isa = PBXBuildFile; fileRef = 1EC20AD5214E70F1000BB2F8 /* Assets.xcassets */; };
		1EC20AD9214E70F1000BB2F8 /* LaunchScreen.storyboard in Resources */ = {isa = PBXBuildFile; fileRef = 1EC20AD7214E70F1000BB2F8 /* LaunchScreen.storyboard */; };
		1EC20AE4214E70F1000BB2F8 /* ReduxSampleTests.swift in Sources */ = {isa = PBXBuildFile; fileRef = 1EC20AE3214E70F1000BB2F8 /* ReduxSampleTests.swift */; };
		1EC20AFC214E9084000BB2F8 /* RxBlocking.framework in Frameworks */ = {isa = PBXBuildFile; fileRef = 1EC20AF8214E9083000BB2F8 /* RxBlocking.framework */; };
		1EC20AFD214E9084000BB2F8 /* ReSwift.framework in Frameworks */ = {isa = PBXBuildFile; fileRef = 1EC20AF9214E9084000BB2F8 /* ReSwift.framework */; };
		1EC20AFE214E9084000BB2F8 /* RxCocoa.framework in Frameworks */ = {isa = PBXBuildFile; fileRef = 1EC20AFA214E9084000BB2F8 /* RxCocoa.framework */; };
		1EC20AFF214E9084000BB2F8 /* RxSwift.framework in Frameworks */ = {isa = PBXBuildFile; fileRef = 1EC20AFB214E9084000BB2F8 /* RxSwift.framework */; };
		1EC20B04214F94CE000BB2F8 /* AppState.swift in Sources */ = {isa = PBXBuildFile; fileRef = 1EC20B03214F94CE000BB2F8 /* AppState.swift */; };
		1EC20B06214F950A000BB2F8 /* CounterActions.swift in Sources */ = {isa = PBXBuildFile; fileRef = 1EC20B05214F950A000BB2F8 /* CounterActions.swift */; };
		1EC20B08214F9547000BB2F8 /* CounterReducer.swift in Sources */ = {isa = PBXBuildFile; fileRef = 1EC20B07214F9547000BB2F8 /* CounterReducer.swift */; };
		1EC20B0A214FBBDA000BB2F8 /* Cartfile in Resources */ = {isa = PBXBuildFile; fileRef = 1EC20B09214FBBDA000BB2F8 /* Cartfile */; };
		1EFD515621514C160059F220 /* AppReducer.swift in Sources */ = {isa = PBXBuildFile; fileRef = 1EFD515521514C160059F220 /* AppReducer.swift */; };
		1EFDC9192152A47600D7A197 /* CartfileTargets.xcfilelist in Resources */ = {isa = PBXBuildFile; fileRef = 1EFDC9182152A46C00D7A197 /* CartfileTargets.xcfilelist */; };
/* End PBXBuildFile section */

/* Begin PBXContainerItemProxy section */
		1EC20AE0214E70F1000BB2F8 /* PBXContainerItemProxy */ = {
			isa = PBXContainerItemProxy;
			containerPortal = 1EC20AC3214E70F0000BB2F8 /* Project object */;
			proxyType = 1;
			remoteGlobalIDString = 1EC20ACA214E70F0000BB2F8;
			remoteInfo = ReduxSample;
		};
/* End PBXContainerItemProxy section */

/* Begin PBXFileReference section */
		1EC20ACB214E70F0000BB2F8 /* ReduxSample.app */ = {isa = PBXFileReference; explicitFileType = wrapper.application; includeInIndex = 0; path = ReduxSample.app; sourceTree = BUILT_PRODUCTS_DIR; };
		1EC20ACE214E70F0000BB2F8 /* AppDelegate.swift */ = {isa = PBXFileReference; lastKnownFileType = sourcecode.swift; path = AppDelegate.swift; sourceTree = "<group>"; };
		1EC20AD0214E70F0000BB2F8 /* ViewController.swift */ = {isa = PBXFileReference; lastKnownFileType = sourcecode.swift; path = ViewController.swift; sourceTree = "<group>"; };
		1EC20AD3214E70F0000BB2F8 /* Base */ = {isa = PBXFileReference; lastKnownFileType = file.storyboard; name = Base; path = Base.lproj/Main.storyboard; sourceTree = "<group>"; };
		1EC20AD5214E70F1000BB2F8 /* Assets.xcassets */ = {isa = PBXFileReference; lastKnownFileType = folder.assetcatalog; path = Assets.xcassets; sourceTree = "<group>"; };
		1EC20AD8214E70F1000BB2F8 /* Base */ = {isa = PBXFileReference; lastKnownFileType = file.storyboard; name = Base; path = Base.lproj/LaunchScreen.storyboard; sourceTree = "<group>"; };
		1EC20ADA214E70F1000BB2F8 /* Info.plist */ = {isa = PBXFileReference; lastKnownFileType = text.plist.xml; path = Info.plist; sourceTree = "<group>"; };
		1EC20ADF214E70F1000BB2F8 /* ReduxSampleTests.xctest */ = {isa = PBXFileReference; explicitFileType = wrapper.cfbundle; includeInIndex = 0; path = ReduxSampleTests.xctest; sourceTree = BUILT_PRODUCTS_DIR; };
		1EC20AE3214E70F1000BB2F8 /* ReduxSampleTests.swift */ = {isa = PBXFileReference; lastKnownFileType = sourcecode.swift; path = ReduxSampleTests.swift; sourceTree = "<group>"; };
		1EC20AE5214E70F1000BB2F8 /* Info.plist */ = {isa = PBXFileReference; lastKnownFileType = text.plist.xml; path = Info.plist; sourceTree = "<group>"; };
		1EC20AF0214E8FFC000BB2F8 /* ReSwift.framework */ = {isa = PBXFileReference; lastKnownFileType = wrapper.framework; name = ReSwift.framework; path = ../Carthage/Build/iOS/ReSwift.framework; sourceTree = "<group>"; };
		1EC20AF1214E8FFC000BB2F8 /* RxSwift.framework */ = {isa = PBXFileReference; lastKnownFileType = wrapper.framework; name = RxSwift.framework; path = ../Carthage/Build/iOS/RxSwift.framework; sourceTree = "<group>"; };
		1EC20AF2214E8FFC000BB2F8 /* RxBlocking.framework */ = {isa = PBXFileReference; lastKnownFileType = wrapper.framework; name = RxBlocking.framework; path = ../Carthage/Build/iOS/RxBlocking.framework; sourceTree = "<group>"; };
		1EC20AF3214E8FFC000BB2F8 /* RxCocoa.framework */ = {isa = PBXFileReference; lastKnownFileType = wrapper.framework; name = RxCocoa.framework; path = ../Carthage/Build/iOS/RxCocoa.framework; sourceTree = "<group>"; };
		1EC20AF8214E9083000BB2F8 /* RxBlocking.framework */ = {isa = PBXFileReference; lastKnownFileType = wrapper.framework; name = RxBlocking.framework; path = Carthage/Build/iOS/RxBlocking.framework; sourceTree = "<group>"; };
		1EC20AF9214E9084000BB2F8 /* ReSwift.framework */ = {isa = PBXFileReference; lastKnownFileType = wrapper.framework; name = ReSwift.framework; path = Carthage/Build/iOS/ReSwift.framework; sourceTree = "<group>"; };
		1EC20AFA214E9084000BB2F8 /* RxCocoa.framework */ = {isa = PBXFileReference; lastKnownFileType = wrapper.framework; name = RxCocoa.framework; path = Carthage/Build/iOS/RxCocoa.framework; sourceTree = "<group>"; };
		1EC20AFB214E9084000BB2F8 /* RxSwift.framework */ = {isa = PBXFileReference; lastKnownFileType = wrapper.framework; name = RxSwift.framework; path = Carthage/Build/iOS/RxSwift.framework; sourceTree = "<group>"; };
		1EC20B03214F94CE000BB2F8 /* AppState.swift */ = {isa = PBXFileReference; lastKnownFileType = sourcecode.swift; path = AppState.swift; sourceTree = "<group>"; };
		1EC20B05214F950A000BB2F8 /* CounterActions.swift */ = {isa = PBXFileReference; lastKnownFileType = sourcecode.swift; path = CounterActions.swift; sourceTree = "<group>"; };
		1EC20B07214F9547000BB2F8 /* CounterReducer.swift */ = {isa = PBXFileReference; lastKnownFileType = sourcecode.swift; path = CounterReducer.swift; sourceTree = "<group>"; };
		1EC20B09214FBBDA000BB2F8 /* Cartfile */ = {isa = PBXFileReference; fileEncoding = 4; lastKnownFileType = text; path = Cartfile; sourceTree = "<group>"; };
		1EFD515521514C160059F220 /* AppReducer.swift */ = {isa = PBXFileReference; lastKnownFileType = sourcecode.swift; path = AppReducer.swift; sourceTree = "<group>"; };
		1EFDC9182152A46C00D7A197 /* CartfileTargets.xcfilelist */ = {isa = PBXFileReference; lastKnownFileType = text.xcfilelist; path = CartfileTargets.xcfilelist; sourceTree = "<group>"; };
/* End PBXFileReference section */

/* Begin PBXFrameworksBuildPhase section */
		1EC20AC8214E70F0000BB2F8 /* Frameworks */ = {
			isa = PBXFrameworksBuildPhase;
			buildActionMask = 2147483647;
			files = (
				1EC20AFC214E9084000BB2F8 /* RxBlocking.framework in Frameworks */,
				1EC20AFD214E9084000BB2F8 /* ReSwift.framework in Frameworks */,
				1EC20AFE214E9084000BB2F8 /* RxCocoa.framework in Frameworks */,
				1EC20AFF214E9084000BB2F8 /* RxSwift.framework in Frameworks */,
			);
			runOnlyForDeploymentPostprocessing = 0;
		};
		1EC20ADC214E70F1000BB2F8 /* Frameworks */ = {
			isa = PBXFrameworksBuildPhase;
			buildActionMask = 2147483647;
			files = (
			);
			runOnlyForDeploymentPostprocessing = 0;
		};
/* End PBXFrameworksBuildPhase section */

/* Begin PBXGroup section */
		1EC20AC2214E70F0000BB2F8 = {
			isa = PBXGroup;
			children = (
				1EC20B09214FBBDA000BB2F8 /* Cartfile */,
				1EC20ACD214E70F0000BB2F8 /* ReduxSample */,
				1EC20AE2214E70F1000BB2F8 /* ReduxSampleTests */,
				1EC20ACC214E70F0000BB2F8 /* Products */,
				1EC20AEF214E8FFC000BB2F8 /* Frameworks */,
			);
			sourceTree = "<group>";
		};
		1EC20ACC214E70F0000BB2F8 /* Products */ = {
			isa = PBXGroup;
			children = (
				1EC20ACB214E70F0000BB2F8 /* ReduxSample.app */,
				1EC20ADF214E70F1000BB2F8 /* ReduxSampleTests.xctest */,
			);
			name = Products;
			sourceTree = "<group>";
		};
		1EC20ACD214E70F0000BB2F8 /* ReduxSample */ = {
			isa = PBXGroup;
			children = (
				1EC20B02214F9468000BB2F8 /* Actions */,
				1EC20B01214F9465000BB2F8 /* Reducers */,
				1EC20B00214F9463000BB2F8 /* State */,
				1EC20ACE214E70F0000BB2F8 /* AppDelegate.swift */,
				1EC20AD0214E70F0000BB2F8 /* ViewController.swift */,
				1EFDC9182152A46C00D7A197 /* CartfileTargets.xcfilelist */,
				1EC20AD2214E70F0000BB2F8 /* Main.storyboard */,
				1EC20AD5214E70F1000BB2F8 /* Assets.xcassets */,
				1EC20AD7214E70F1000BB2F8 /* LaunchScreen.storyboard */,
				1EC20ADA214E70F1000BB2F8 /* Info.plist */,
			);
			path = ReduxSample;
			sourceTree = "<group>";
		};
		1EC20AE2214E70F1000BB2F8 /* ReduxSampleTests */ = {
			isa = PBXGroup;
			children = (
				1EC20AE3214E70F1000BB2F8 /* ReduxSampleTests.swift */,
				1EC20AE5214E70F1000BB2F8 /* Info.plist */,
			);
			path = ReduxSampleTests;
			sourceTree = "<group>";
		};
		1EC20AEF214E8FFC000BB2F8 /* Frameworks */ = {
			isa = PBXGroup;
			children = (
				1EC20AF9214E9084000BB2F8 /* ReSwift.framework */,
				1EC20AF8214E9083000BB2F8 /* RxBlocking.framework */,
				1EC20AFA214E9084000BB2F8 /* RxCocoa.framework */,
				1EC20AFB214E9084000BB2F8 /* RxSwift.framework */,
				1EC20AF0214E8FFC000BB2F8 /* ReSwift.framework */,
				1EC20AF2214E8FFC000BB2F8 /* RxBlocking.framework */,
				1EC20AF3214E8FFC000BB2F8 /* RxCocoa.framework */,
				1EC20AF1214E8FFC000BB2F8 /* RxSwift.framework */,
			);
			name = Frameworks;
			sourceTree = "<group>";
		};
		1EC20B00214F9463000BB2F8 /* State */ = {
			isa = PBXGroup;
			children = (
				1EC20B03214F94CE000BB2F8 /* AppState.swift */,
			);
			path = State;
			sourceTree = "<group>";
		};
		1EC20B01214F9465000BB2F8 /* Reducers */ = {
			isa = PBXGroup;
			children = (
				1EC20B07214F9547000BB2F8 /* CounterReducer.swift */,
				1EFD515521514C160059F220 /* AppReducer.swift */,
			);
			path = Reducers;
			sourceTree = "<group>";
		};
		1EC20B02214F9468000BB2F8 /* Actions */ = {
			isa = PBXGroup;
			children = (
				1EC20B05214F950A000BB2F8 /* CounterActions.swift */,
			);
			path = Actions;
			sourceTree = "<group>";
		};
/* End PBXGroup section */

/* Begin PBXNativeTarget section */
		1EC20ACA214E70F0000BB2F8 /* ReduxSample */ = {
			isa = PBXNativeTarget;
			buildConfigurationList = 1EC20AE8214E70F1000BB2F8 /* Build configuration list for PBXNativeTarget "ReduxSample" */;
			buildPhases = (
				1EC20AC7214E70F0000BB2F8 /* Sources */,
				1EC20AC8214E70F0000BB2F8 /* Frameworks */,
				1EC20AC9214E70F0000BB2F8 /* Resources */,
				1EC20AEE214E8F0C000BB2F8 /* Run Script(Carthage) */,
			);
			buildRules = (
			);
			dependencies = (
			);
			name = ReduxSample;
			productName = ReduxSample;
			productReference = 1EC20ACB214E70F0000BB2F8 /* ReduxSample.app */;
			productType = "com.apple.product-type.application";
		};
		1EC20ADE214E70F1000BB2F8 /* ReduxSampleTests */ = {
			isa = PBXNativeTarget;
			buildConfigurationList = 1EC20AEB214E70F1000BB2F8 /* Build configuration list for PBXNativeTarget "ReduxSampleTests" */;
			buildPhases = (
				1EC20ADB214E70F1000BB2F8 /* Sources */,
				1EC20ADC214E70F1000BB2F8 /* Frameworks */,
				1EC20ADD214E70F1000BB2F8 /* Resources */,
			);
			buildRules = (
			);
			dependencies = (
				1EC20AE1214E70F1000BB2F8 /* PBXTargetDependency */,
			);
			name = ReduxSampleTests;
			productName = ReduxSampleTests;
			productReference = 1EC20ADF214E70F1000BB2F8 /* ReduxSampleTests.xctest */;
			productType = "com.apple.product-type.bundle.unit-test";
		};
/* End PBXNativeTarget section */

/* Begin PBXProject section */
		1EC20AC3214E70F0000BB2F8 /* Project object */ = {
			isa = PBXProject;
			attributes = {
				LastSwiftUpdateCheck = 1000;
				LastUpgradeCheck = 1000;
				ORGANIZATIONNAME = iganin;
				TargetAttributes = {
					1EC20ACA214E70F0000BB2F8 = {
						CreatedOnToolsVersion = 10.0;
					};
					1EC20ADE214E70F1000BB2F8 = {
						CreatedOnToolsVersion = 10.0;
						TestTargetID = 1EC20ACA214E70F0000BB2F8;
					};
				};
			};
			buildConfigurationList = 1EC20AC6214E70F0000BB2F8 /* Build configuration list for PBXProject "ReduxSample" */;
			compatibilityVersion = "Xcode 9.3";
			developmentRegion = en;
			hasScannedForEncodings = 0;
			knownRegions = (
				en,
				Base,
			);
			mainGroup = 1EC20AC2214E70F0000BB2F8;
			productRefGroup = 1EC20ACC214E70F0000BB2F8 /* Products */;
			projectDirPath = "";
			projectRoot = "";
			targets = (
				1EC20ACA214E70F0000BB2F8 /* ReduxSample */,
				1EC20ADE214E70F1000BB2F8 /* ReduxSampleTests */,
			);
		};
/* End PBXProject section */

/* Begin PBXResourcesBuildPhase section */
		1EC20AC9214E70F0000BB2F8 /* Resources */ = {
			isa = PBXResourcesBuildPhase;
			buildActionMask = 2147483647;
			files = (
				1EFDC9192152A47600D7A197 /* CartfileTargets.xcfilelist in Resources */,
				1EC20AD9214E70F1000BB2F8 /* LaunchScreen.storyboard in Resources */,
				1EC20AD6214E70F1000BB2F8 /* Assets.xcassets in Resources */,
				1EC20B0A214FBBDA000BB2F8 /* Cartfile in Resources */,
				1EC20AD4214E70F0000BB2F8 /* Main.storyboard in Resources */,
			);
			runOnlyForDeploymentPostprocessing = 0;
		};
		1EC20ADD214E70F1000BB2F8 /* Resources */ = {
			isa = PBXResourcesBuildPhase;
			buildActionMask = 2147483647;
			files = (
			);
			runOnlyForDeploymentPostprocessing = 0;
		};
/* End PBXResourcesBuildPhase section */

/* Begin PBXShellScriptBuildPhase section */
		1EC20AEE214E8F0C000BB2F8 /* Run Script(Carthage) */ = {
			isa = PBXShellScriptBuildPhase;
			buildActionMask = 2147483647;
			files = (
			);
			inputFileListPaths = (
				"$(SRCROOT)/ReduxSample/CartfileTargets.xcfilelist",
			);
			inputPaths = (
			);
			name = "Run Script(Carthage)";
			outputFileListPaths = (
			);
			outputPaths = (
			);
			runOnlyForDeploymentPostprocessing = 0;
			shellPath = /bin/sh;
			shellScript = "/usr/local/bin/carthage copy-frameworks\n";
		};
/* End PBXShellScriptBuildPhase section */

/* Begin PBXSourcesBuildPhase section */
		1EC20AC7214E70F0000BB2F8 /* Sources */ = {
			isa = PBXSourcesBuildPhase;
			buildActionMask = 2147483647;
			files = (
				1EFD515621514C160059F220 /* AppReducer.swift in Sources */,
				1EC20B04214F94CE000BB2F8 /* AppState.swift in Sources */,
				1EC20B08214F9547000BB2F8 /* CounterReducer.swift in Sources */,
				1EC20B06214F950A000BB2F8 /* CounterActions.swift in Sources */,
				1EC20AD1214E70F0000BB2F8 /* ViewController.swift in Sources */,
				1EC20ACF214E70F0000BB2F8 /* AppDelegate.swift in Sources */,
			);
			runOnlyForDeploymentPostprocessing = 0;
		};
		1EC20ADB214E70F1000BB2F8 /* Sources */ = {
			isa = PBXSourcesBuildPhase;
			buildActionMask = 2147483647;
			files = (
				1EC20AE4214E70F1000BB2F8 /* ReduxSampleTests.swift in Sources */,
			);
			runOnlyForDeploymentPostprocessing = 0;
		};
/* End PBXSourcesBuildPhase section */

/* Begin PBXTargetDependency section */
		1EC20AE1214E70F1000BB2F8 /* PBXTargetDependency */ = {
			isa = PBXTargetDependency;
			target = 1EC20ACA214E70F0000BB2F8 /* ReduxSample */;
			targetProxy = 1EC20AE0214E70F1000BB2F8 /* PBXContainerItemProxy */;
		};
/* End PBXTargetDependency section */

/* Begin PBXVariantGroup section */
		1EC20AD2214E70F0000BB2F8 /* Main.storyboard */ = {
			isa = PBXVariantGroup;
			children = (
				1EC20AD3214E70F0000BB2F8 /* Base */,
			);
			name = Main.storyboard;
			sourceTree = "<group>";
		};
		1EC20AD7214E70F1000BB2F8 /* LaunchScreen.storyboard */ = {
			isa = PBXVariantGroup;
			children = (
				1EC20AD8214E70F1000BB2F8 /* Base */,
			);
			name = LaunchScreen.storyboard;
			sourceTree = "<group>";
		};
/* End PBXVariantGroup section */

/* Begin XCBuildConfiguration section */
		1EC20AE6214E70F1000BB2F8 /* Debug */ = {
			isa = XCBuildConfiguration;
			buildSettings = {
				ALWAYS_SEARCH_USER_PATHS = NO;
				CLANG_ANALYZER_NONNULL = YES;
				CLANG_ANALYZER_NUMBER_OBJECT_CONVERSION = YES_AGGRESSIVE;
				CLANG_CXX_LANGUAGE_STANDARD = "gnu++14";
				CLANG_CXX_LIBRARY = "libc++";
				CLANG_ENABLE_MODULES = YES;
				CLANG_ENABLE_OBJC_ARC = YES;
				CLANG_ENABLE_OBJC_WEAK = YES;
				CLANG_WARN_BLOCK_CAPTURE_AUTORELEASING = YES;
				CLANG_WARN_BOOL_CONVERSION = YES;
				CLANG_WARN_COMMA = YES;
				CLANG_WARN_CONSTANT_CONVERSION = YES;
				CLANG_WARN_DEPRECATED_OBJC_IMPLEMENTATIONS = YES;
				CLANG_WARN_DIRECT_OBJC_ISA_USAGE = YES_ERROR;
				CLANG_WARN_DOCUMENTATION_COMMENTS = YES;
				CLANG_WARN_EMPTY_BODY = YES;
				CLANG_WARN_ENUM_CONVERSION = YES;
				CLANG_WARN_INFINITE_RECURSION = YES;
				CLANG_WARN_INT_CONVERSION = YES;
				CLANG_WARN_NON_LITERAL_NULL_CONVERSION = YES;
				CLANG_WARN_OBJC_IMPLICIT_RETAIN_SELF = YES;
				CLANG_WARN_OBJC_LITERAL_CONVERSION = YES;
				CLANG_WARN_OBJC_ROOT_CLASS = YES_ERROR;
				CLANG_WARN_RANGE_LOOP_ANALYSIS = YES;
				CLANG_WARN_STRICT_PROTOTYPES = YES;
				CLANG_WARN_SUSPICIOUS_MOVE = YES;
				CLANG_WARN_UNGUARDED_AVAILABILITY = YES_AGGRESSIVE;
				CLANG_WARN_UNREACHABLE_CODE = YES;
				CLANG_WARN__DUPLICATE_METHOD_MATCH = YES;
				CODE_SIGN_IDENTITY = "iPhone Developer";
				COPY_PHASE_STRIP = NO;
				DEBUG_INFORMATION_FORMAT = dwarf;
				ENABLE_STRICT_OBJC_MSGSEND = YES;
				ENABLE_TESTABILITY = YES;
				GCC_C_LANGUAGE_STANDARD = gnu11;
				GCC_DYNAMIC_NO_PIC = NO;
				GCC_NO_COMMON_BLOCKS = YES;
				GCC_OPTIMIZATION_LEVEL = 0;
				GCC_PREPROCESSOR_DEFINITIONS = (
					"DEBUG=1",
					"$(inherited)",
				);
				GCC_WARN_64_TO_32_BIT_CONVERSION = YES;
				GCC_WARN_ABOUT_RETURN_TYPE = YES_ERROR;
				GCC_WARN_UNDECLARED_SELECTOR = YES;
				GCC_WARN_UNINITIALIZED_AUTOS = YES_AGGRESSIVE;
				GCC_WARN_UNUSED_FUNCTION = YES;
				GCC_WARN_UNUSED_VARIABLE = YES;
				IPHONEOS_DEPLOYMENT_TARGET = 12.0;
				MTL_ENABLE_DEBUG_INFO = INCLUDE_SOURCE;
				MTL_FAST_MATH = YES;
				ONLY_ACTIVE_ARCH = YES;
				SDKROOT = iphoneos;
				SWIFT_ACTIVE_COMPILATION_CONDITIONS = DEBUG;
				SWIFT_OPTIMIZATION_LEVEL = "-Onone";
			};
			name = Debug;
		};
		1EC20AE7214E70F1000BB2F8 /* Release */ = {
			isa = XCBuildConfiguration;
			buildSettings = {
				ALWAYS_SEARCH_USER_PATHS = NO;
				CLANG_ANALYZER_NONNULL = YES;
				CLANG_ANALYZER_NUMBER_OBJECT_CONVERSION = YES_AGGRESSIVE;
				CLANG_CXX_LANGUAGE_STANDARD = "gnu++14";
				CLANG_CXX_LIBRARY = "libc++";
				CLANG_ENABLE_MODULES = YES;
				CLANG_ENABLE_OBJC_ARC = YES;
				CLANG_ENABLE_OBJC_WEAK = YES;
				CLANG_WARN_BLOCK_CAPTURE_AUTORELEASING = YES;
				CLANG_WARN_BOOL_CONVERSION = YES;
				CLANG_WARN_COMMA = YES;
				CLANG_WARN_CONSTANT_CONVERSION = YES;
				CLANG_WARN_DEPRECATED_OBJC_IMPLEMENTATIONS = YES;
				CLANG_WARN_DIRECT_OBJC_ISA_USAGE = YES_ERROR;
				CLANG_WARN_DOCUMENTATION_COMMENTS = YES;
				CLANG_WARN_EMPTY_BODY = YES;
				CLANG_WARN_ENUM_CONVERSION = YES;
				CLANG_WARN_INFINITE_RECURSION = YES;
				CLANG_WARN_INT_CONVERSION = YES;
				CLANG_WARN_NON_LITERAL_NULL_CONVERSION = YES;
				CLANG_WARN_OBJC_IMPLICIT_RETAIN_SELF = YES;
				CLANG_WARN_OBJC_LITERAL_CONVERSION = YES;
				CLANG_WARN_OBJC_ROOT_CLASS = YES_ERROR;
				CLANG_WARN_RANGE_LOOP_ANALYSIS = YES;
				CLANG_WARN_STRICT_PROTOTYPES = YES;
				CLANG_WARN_SUSPICIOUS_MOVE = YES;
				CLANG_WARN_UNGUARDED_AVAILABILITY = YES_AGGRESSIVE;
				CLANG_WARN_UNREACHABLE_CODE = YES;
				CLANG_WARN__DUPLICATE_METHOD_MATCH = YES;
				CODE_SIGN_IDENTITY = "iPhone Developer";
				COPY_PHASE_STRIP = NO;
				DEBUG_INFORMATION_FORMAT = "dwarf-with-dsym";
				ENABLE_NS_ASSERTIONS = NO;
				ENABLE_STRICT_OBJC_MSGSEND = YES;
				GCC_C_LANGUAGE_STANDARD = gnu11;
				GCC_NO_COMMON_BLOCKS = YES;
				GCC_WARN_64_TO_32_BIT_CONVERSION = YES;
				GCC_WARN_ABOUT_RETURN_TYPE = YES_ERROR;
				GCC_WARN_UNDECLARED_SELECTOR = YES;
				GCC_WARN_UNINITIALIZED_AUTOS = YES_AGGRESSIVE;
				GCC_WARN_UNUSED_FUNCTION = YES;
				GCC_WARN_UNUSED_VARIABLE = YES;
				IPHONEOS_DEPLOYMENT_TARGET = 12.0;
				MTL_ENABLE_DEBUG_INFO = NO;
				MTL_FAST_MATH = YES;
				SDKROOT = iphoneos;
				SWIFT_COMPILATION_MODE = wholemodule;
				SWIFT_OPTIMIZATION_LEVEL = "-O";
				VALIDATE_PRODUCT = YES;
			};
			name = Release;
		};
		1EC20AE9214E70F1000BB2F8 /* Debug */ = {
			isa = XCBuildConfiguration;
			buildSettings = {
				ASSETCATALOG_COMPILER_APPICON_NAME = AppIcon;
				CODE_SIGN_STYLE = Automatic;
				DEVELOPMENT_TEAM = Y827F3LXSQ;
				FRAMEWORK_SEARCH_PATHS = (
					"$(inherited)",
					"$(PROJECT_DIR)/Carthage/Build/iOS",
				);
				INFOPLIST_FILE = ReduxSample/Info.plist;
				IPHONEOS_DEPLOYMENT_TARGET = 12.0;
				LD_RUNPATH_SEARCH_PATHS = (
					"$(inherited)",
					"@executable_path/Frameworks",
				);
				PRODUCT_BUNDLE_IDENTIFIER = com.iganin.ReduxSample;
				PRODUCT_NAME = "$(TARGET_NAME)";
				SWIFT_VERSION = 4.2;
				TARGETED_DEVICE_FAMILY = "1,2";
			};
			name = Debug;
		};
		1EC20AEA214E70F1000BB2F8 /* Release */ = {
			isa = XCBuildConfiguration;
			buildSettings = {
				ASSETCATALOG_COMPILER_APPICON_NAME = AppIcon;
				CODE_SIGN_STYLE = Automatic;
				DEVELOPMENT_TEAM = Y827F3LXSQ;
				FRAMEWORK_SEARCH_PATHS = (
					"$(inherited)",
					"$(PROJECT_DIR)/Carthage/Build/iOS",
				);
				INFOPLIST_FILE = ReduxSample/Info.plist;
				IPHONEOS_DEPLOYMENT_TARGET = 12.0;
				LD_RUNPATH_SEARCH_PATHS = (
					"$(inherited)",
					"@executable_path/Frameworks",
				);
				PRODUCT_BUNDLE_IDENTIFIER = com.iganin.ReduxSample;
				PRODUCT_NAME = "$(TARGET_NAME)";
				SWIFT_VERSION = 4.2;
				TARGETED_DEVICE_FAMILY = "1,2";
			};
			name = Release;
		};
		1EC20AEC214E70F1000BB2F8 /* Debug */ = {
			isa = XCBuildConfiguration;
			buildSettings = {
				ALWAYS_EMBED_SWIFT_STANDARD_LIBRARIES = YES;
				BUNDLE_LOADER = "$(TEST_HOST)";
				CODE_SIGN_STYLE = Automatic;
				DEVELOPMENT_TEAM = Y827F3LXSQ;
				INFOPLIST_FILE = ReduxSampleTests/Info.plist;
				LD_RUNPATH_SEARCH_PATHS = (
					"$(inherited)",
					"@executable_path/Frameworks",
					"@loader_path/Frameworks",
				);
				PRODUCT_BUNDLE_IDENTIFIER = com.iganin.ReduxSampleTests;
				PRODUCT_NAME = "$(TARGET_NAME)";
				SWIFT_VERSION = 4.2;
				TARGETED_DEVICE_FAMILY = "1,2";
				TEST_HOST = "$(BUILT_PRODUCTS_DIR)/ReduxSample.app/ReduxSample";
			};
			name = Debug;
		};
		1EC20AED214E70F1000BB2F8 /* Release */ = {
			isa = XCBuildConfiguration;
			buildSettings = {
				ALWAYS_EMBED_SWIFT_STANDARD_LIBRARIES = YES;
				BUNDLE_LOADER = "$(TEST_HOST)";
				CODE_SIGN_STYLE = Automatic;
				DEVELOPMENT_TEAM = Y827F3LXSQ;
				INFOPLIST_FILE = ReduxSampleTests/Info.plist;
				LD_RUNPATH_SEARCH_PATHS = (
					"$(inherited)",
					"@executable_path/Frameworks",
					"@loader_path/Frameworks",
				);
				PRODUCT_BUNDLE_IDENTIFIER = com.iganin.ReduxSampleTests;
				PRODUCT_NAME = "$(TARGET_NAME)";
				SWIFT_VERSION = 4.2;
				TARGETED_DEVICE_FAMILY = "1,2";
				TEST_HOST = "$(BUILT_PRODUCTS_DIR)/ReduxSample.app/ReduxSample";
			};
			name = Release;
		};
/* End XCBuildConfiguration section */

/* Begin XCConfigurationList section */
		1EC20AC6214E70F0000BB2F8 /* Build configuration list for PBXProject "ReduxSample" */ = {
			isa = XCConfigurationList;
			buildConfigurations = (
				1EC20AE6214E70F1000BB2F8 /* Debug */,
				1EC20AE7214E70F1000BB2F8 /* Release */,
			);
			defaultConfigurationIsVisible = 0;
			defaultConfigurationName = Release;
		};
		1EC20AE8214E70F1000BB2F8 /* Build configuration list for PBXNativeTarget "ReduxSample" */ = {
			isa = XCConfigurationList;
			buildConfigurations = (
				1EC20AE9214E70F1000BB2F8 /* Debug */,
				1EC20AEA214E70F1000BB2F8 /* Release */,
			);
			defaultConfigurationIsVisible = 0;
			defaultConfigurationName = Release;
		};
		1EC20AEB214E70F1000BB2F8 /* Build configuration list for PBXNativeTarget "ReduxSampleTests" */ = {
			isa = XCConfigurationList;
			buildConfigurations = (
				1EC20AEC214E70F1000BB2F8 /* Debug */,
				1EC20AED214E70F1000BB2F8 /* Release */,
			);
			defaultConfigurationIsVisible = 0;
			defaultConfigurationName = Release;
		};
/* End XCConfigurationList section */
	};
	rootObject = 1EC20AC3214E70F0000BB2F8 /* Project object */;
}
